
Microsoft Visual Studio Solution File, Format Version 12.00
# Visual Studio Version 16
VisualStudioVersion = 16.0.30011.22
MinimumVisualStudioVersion = 10.0.40219.1
Project("{9A19103F-16F7-4668-BE54-9A1E7A4F7556}") = "Ustockit.Uploader.Web", "Ustockit.Uploader.Web.csproj", "{56E9E59D-18A4-4E33-BDE5-5B0D1E77483B}"
EndProject
Project("{9A19103F-16F7-4668-BE54-9A1E7A4F7556}") = "Ustockit.Uploader.Test", "..\Ustockit.Uploader.Test\Ustockit.Uploader.Test.csproj", "{BEF35A22-63E8-483C-BD7D-01113FAF332D}"
EndProject
Global
	GlobalSection(SolutionConfigurationPlatforms) = preSolution
		Debug|Any CPU = Debug|Any CPU
		Release|Any CPU = Release|Any CPU
	EndGlobalSection
	GlobalSection(ProjectConfigurationPlatforms) = postSolution
		{56E9E59D-18A4-4E33-BDE5-5B0D1E77483B}.Debug|Any CPU.ActiveCfg = Debug|Any CPU
		{56E9E59D-18A4-4E33-BDE5-5B0D1E77483B}.Debug|Any CPU.Build.0 = Debug|Any CPU
		{56E9E59D-18A4-4E33-BDE5-5B0D1E77483B}.Release|Any CPU.ActiveCfg = Release|Any CPU
		{56E9E59D-18A4-4E33-BDE5-5B0D1E77483B}.Release|Any CPU.Build.0 = Release|Any CPU
		{BEF35A22-63E8-483C-BD7D-01113FAF332D}.Debug|Any CPU.ActiveCfg = Debug|Any CPU
		{BEF35A22-63E8-483C-BD7D-01113FAF332D}.Debug|Any CPU.Build.0 = Debug|Any CPU
		{BEF35A22-63E8-483C-BD7D-01113FAF332D}.Release|Any CPU.ActiveCfg = Release|Any CPU
		{BEF35A22-63E8-483C-BD7D-01113FAF332D}.Release|Any CPU.Build.0 = Release|Any CPU
	EndGlobalSection
	GlobalSection(SolutionProperties) = preSolution
		HideSolutionNode = FALSE
	EndGlobalSection
	GlobalSection(ExtensibilityGlobals) = postSolution
		SolutionGuid = {A151EDD0-DF79-4FEB-9AE3-8AF4E072C1A7}
	EndGlobalSection
EndGlobal
